setting:
  task-interval: 2
regions:
  hotSpring:
    region:
      min: "world;-1499;67;-3290"
      max: "world;-1489;56;-3300"
    need-permission: "NONE"
    need-in-water: true
    remove-harmful-effects: true
    give-exp-points: 1
    give-effects:
      - 'REGENERATION;2;3'
      - 'WATER_BREATHING;2;3'